
Microsoft Visual Studio Solution File, Format Version 12.00
# Visual Studio Version 17
VisualStudioVersion = 17.0.31903.59
MinimumVisualStudioVersion = 10.0.40219.1
Project("{2150E333-8FDC-42A3-9474-1A3956D46DE8}") = "src", "src", "{827E0CD3-B72D-47B6-A68D-7590B98EB39B}"
EndProject
Project("{2150E333-8FDC-42A3-9474-1A3956D46DE8}") = "Host", "Host", "{981C2CF6-E5BB-602A-511C-234B538302B0}"
EndProject
Project("{FAE04EC0-301F-11D3-BF4B-00C04F79EFBC}") = "ContainerControl.Host", "src\Host\ContainerControl.Host.csproj", "{46E6AAFC-ADD9-42AD-926E-263C32DC48F8}"
EndProject
Project("{2150E333-8FDC-42A3-9474-1A3956D46DE8}") = "Shared", "Shared", "{C8E42992-5E42-0C2B-DBFE-AA848D06431C}"
EndProject
Project("{FAE04EC0-301F-11D3-BF4B-00C04F79EFBC}") = "ContainerControl.SharedKernel", "src\Shared\ContainerControl.SharedKernel\ContainerControl.SharedKernel.csproj", "{FFD8390A-CF6C-461C-9E01-C8692696EBA4}"
EndProject
Project("{2150E333-8FDC-42A3-9474-1A3956D46DE8}") = "Modules", "Modules", "{EC447DCF-ABFA-6E24-52A5-D7FD48A5C558}"
EndProject
Project("{2150E333-8FDC-42A3-9474-1A3956D46DE8}") = "Access", "Access", "{CD4DD5D4-02E6-F112-717D-EBEE9EB620E9}"
EndProject
Project("{FAE04EC0-301F-11D3-BF4B-00C04F79EFBC}") = "ContainerControl.Modules.Access.Domain", "src\Modules\Access\ContainerControl.Modules.Access.Domain\ContainerControl.Modules.Access.Domain.csproj", "{60374927-A2EF-43CC-9032-54671CBD2226}"
EndProject
Project("{FAE04EC0-301F-11D3-BF4B-00C04F79EFBC}") = "ContainerControl.Modules.Access.Application", "src\Modules\Access\ContainerControl.Modules.Access.Application\ContainerControl.Modules.Access.Application.csproj", "{AA13C732-A785-407C-8C98-7A2B3BF3B0CF}"
EndProject
Project("{FAE04EC0-301F-11D3-BF4B-00C04F79EFBC}") = "ContainerControl.Modules.Access.Infrastructure", "src\Modules\Access\ContainerControl.Modules.Access.Infrastructure\ContainerControl.Modules.Access.Infrastructure.csproj", "{811EDF8F-40C6-4137-A0FC-A89379DBFBCC}"
EndProject
Project("{2150E333-8FDC-42A3-9474-1A3956D46DE8}") = "Platform", "Platform", "{9A7A7B35-1930-94AB-6B80-4A89F89E5FE9}"
EndProject
Project("{FAE04EC0-301F-11D3-BF4B-00C04F79EFBC}") = "ContainerControl.Modules.Platform", "src\Modules\Platform\ContainerControl.Modules.Platform\ContainerControl.Modules.Platform.csproj", "{70690CEC-AB15-449A-82C9-730D2D4A356C}"
EndProject
Project("{2150E333-8FDC-42A3-9474-1A3956D46DE8}") = "Registries", "Registries", "{014A55EE-FDAA-7FC2-6C3E-35DDB2A03DDB}"
EndProject
Project("{FAE04EC0-301F-11D3-BF4B-00C04F79EFBC}") = "ContainerControl.Modules.Registries", "src\Modules\Registries\ContainerControl.Modules.Registries\ContainerControl.Modules.Registries.csproj", "{0228A42F-ED16-41DC-8323-5E32EAD1C4BF}"
EndProject
Project("{2150E333-8FDC-42A3-9474-1A3956D46DE8}") = "Applications", "Applications", "{A5CC4D75-6B64-0E2F-A8D1-8265ADF4E053}"
EndProject
Project("{FAE04EC0-301F-11D3-BF4B-00C04F79EFBC}") = "ContainerControl.Modules.Applications", "src\Modules\Applications\ContainerControl.Modules.Applications\ContainerControl.Modules.Applications.csproj", "{2B67EF7C-349B-44FF-ACE9-63AF45FAC266}"
EndProject
Project("{2150E333-8FDC-42A3-9474-1A3956D46DE8}") = "Delivery", "Delivery", "{75CCF984-CC24-0CB6-2FE4-5CB2D9F94FE4}"
EndProject
Project("{FAE04EC0-301F-11D3-BF4B-00C04F79EFBC}") = "ContainerControl.Modules.Delivery", "src\Modules\Delivery\ContainerControl.Modules.Delivery\ContainerControl.Modules.Delivery.csproj", "{17A2969E-526B-4C0D-B34C-C0074D07699C}"
EndProject
Project("{2150E333-8FDC-42A3-9474-1A3956D46DE8}") = "Edge", "Edge", "{33303CF4-4B82-33A2-6B40-68D552E6C8B9}"
EndProject
Project("{FAE04EC0-301F-11D3-BF4B-00C04F79EFBC}") = "ContainerControl.Modules.Edge", "src\Modules\Edge\ContainerControl.Modules.Edge\ContainerControl.Modules.Edge.csproj", "{983D3C53-AA86-4B76-9975-764D3756B356}"
EndProject
Project("{2150E333-8FDC-42A3-9474-1A3956D46DE8}") = "Runtime", "Runtime", "{AFB430EB-E6E1-418F-6330-FF32B45D054F}"
EndProject
Project("{FAE04EC0-301F-11D3-BF4B-00C04F79EFBC}") = "ContainerControl.Modules.Runtime", "src\Modules\Runtime\ContainerControl.Modules.Runtime\ContainerControl.Modules.Runtime.csproj", "{44200649-7460-41F4-A580-794A7D915293}"
EndProject
Project("{2150E333-8FDC-42A3-9474-1A3956D46DE8}") = "tests", "tests", "{0AB3BF05-4346-4AA6-1389-037BE0695223}"
EndProject
Project("{FAE04EC0-301F-11D3-BF4B-00C04F79EFBC}") = "ContainerControl.Host.IntegrationTests", "tests\ContainerControl.Host.IntegrationTests\ContainerControl.Host.IntegrationTests.csproj", "{8B6350AB-0F82-452C-A7D7-99DA26AAFC1A}"
EndProject
Global
	GlobalSection(SolutionConfigurationPlatforms) = preSolution
		Debug|Any CPU = Debug|Any CPU
		Debug|x64 = Debug|x64
		Debug|x86 = Debug|x86
		Release|Any CPU = Release|Any CPU
		Release|x64 = Release|x64
		Release|x86 = Release|x86
	EndGlobalSection
	GlobalSection(ProjectConfigurationPlatforms) = postSolution
		{46E6AAFC-ADD9-42AD-926E-263C32DC48F8}.Debug|Any CPU.ActiveCfg = Debug|Any CPU
		{46E6AAFC-ADD9-42AD-926E-263C32DC48F8}.Debug|Any CPU.Build.0 = Debug|Any CPU
		{46E6AAFC-ADD9-42AD-926E-263C32DC48F8}.Debug|x64.ActiveCfg = Debug|Any CPU
		{46E6AAFC-ADD9-42AD-926E-263C32DC48F8}.Debug|x64.Build.0 = Debug|Any CPU
		{46E6AAFC-ADD9-42AD-926E-263C32DC48F8}.Debug|x86.ActiveCfg = Debug|Any CPU
		{46E6AAFC-ADD9-42AD-926E-263C32DC48F8}.Debug|x86.Build.0 = Debug|Any CPU
		{46E6AAFC-ADD9-42AD-926E-263C32DC48F8}.Release|Any CPU.ActiveCfg = Release|Any CPU
		{46E6AAFC-ADD9-42AD-926E-263C32DC48F8}.Release|Any CPU.Build.0 = Release|Any CPU
		{46E6AAFC-ADD9-42AD-926E-263C32DC48F8}.Release|x64.ActiveCfg = Release|Any CPU
		{46E6AAFC-ADD9-42AD-926E-263C32DC48F8}.Release|x64.Build.0 = Release|Any CPU
		{46E6AAFC-ADD9-42AD-926E-263C32DC48F8}.Release|x86.ActiveCfg = Release|Any CPU
		{46E6AAFC-ADD9-42AD-926E-263C32DC48F8}.Release|x86.Build.0 = Release|Any CPU
		{FFD8390A-CF6C-461C-9E01-C8692696EBA4}.Debug|Any CPU.ActiveCfg = Debug|Any CPU
		{FFD8390A-CF6C-461C-9E01-C8692696EBA4}.Debug|Any CPU.Build.0 = Debug|Any CPU
		{FFD8390A-CF6C-461C-9E01-C8692696EBA4}.Debug|x64.ActiveCfg = Debug|Any CPU
		{FFD8390A-CF6C-461C-9E01-C8692696EBA4}.Debug|x64.Build.0 = Debug|Any CPU
		{FFD8390A-CF6C-461C-9E01-C8692696EBA4}.Debug|x86.ActiveCfg = Debug|Any CPU
		{FFD8390A-CF6C-461C-9E01-C8692696EBA4}.Debug|x86.Build.0 = Debug|Any CPU
		{FFD8390A-CF6C-461C-9E01-C8692696EBA4}.Release|Any CPU.ActiveCfg = Release|Any CPU
		{FFD8390A-CF6C-461C-9E01-C8692696EBA4}.Release|Any CPU.Build.0 = Release|Any CPU
		{FFD8390A-CF6C-461C-9E01-C8692696EBA4}.Release|x64.ActiveCfg = Release|Any CPU
		{FFD8390A-CF6C-461C-9E01-C8692696EBA4}.Release|x64.Build.0 = Release|Any CPU
		{FFD8390A-CF6C-461C-9E01-C8692696EBA4}.Release|x86.ActiveCfg = Release|Any CPU
		{FFD8390A-CF6C-461C-9E01-C8692696EBA4}.Release|x86.Build.0 = Release|Any CPU
		{60374927-A2EF-43CC-9032-54671CBD2226}.Debug|Any CPU.ActiveCfg = Debug|Any CPU
		{60374927-A2EF-43CC-9032-54671CBD2226}.Debug|Any CPU.Build.0 = Debug|Any CPU
		{60374927-A2EF-43CC-9032-54671CBD2226}.Debug|x64.ActiveCfg = Debug|Any CPU
		{60374927-A2EF-43CC-9032-54671CBD2226}.Debug|x64.Build.0 = Debug|Any CPU
		{60374927-A2EF-43CC-9032-54671CBD2226}.Debug|x86.ActiveCfg = Debug|Any CPU
		{60374927-A2EF-43CC-9032-54671CBD2226}.Debug|x86.Build.0 = Debug|Any CPU
		{60374927-A2EF-43CC-9032-54671CBD2226}.Release|Any CPU.ActiveCfg = Release|Any CPU
		{60374927-A2EF-43CC-9032-54671CBD2226}.Release|Any CPU.Build.0 = Release|Any CPU
		{60374927-A2EF-43CC-9032-54671CBD2226}.Release|x64.ActiveCfg = Release|Any CPU
		{60374927-A2EF-43CC-9032-54671CBD2226}.Release|x64.Build.0 = Release|Any CPU
		{60374927-A2EF-43CC-9032-54671CBD2226}.Release|x86.ActiveCfg = Release|Any CPU
		{60374927-A2EF-43CC-9032-54671CBD2226}.Release|x86.Build.0 = Release|Any CPU
		{AA13C732-A785-407C-8C98-7A2B3BF3B0CF}.Debug|Any CPU.ActiveCfg = Debug|Any CPU
		{AA13C732-A785-407C-8C98-7A2B3BF3B0CF}.Debug|Any CPU.Build.0 = Debug|Any CPU
		{AA13C732-A785-407C-8C98-7A2B3BF3B0CF}.Debug|x64.ActiveCfg = Debug|Any CPU
		{AA13C732-A785-407C-8C98-7A2B3BF3B0CF}.Debug|x64.Build.0 = Debug|Any CPU
		{AA13C732-A785-407C-8C98-7A2B3BF3B0CF}.Debug|x86.ActiveCfg = Debug|Any CPU
		{AA13C732-A785-407C-8C98-7A2B3BF3B0CF}.Debug|x86.Build.0 = Debug|Any CPU
		{AA13C732-A785-407C-8C98-7A2B3BF3B0CF}.Release|Any CPU.ActiveCfg = Release|Any CPU
		{AA13C732-A785-407C-8C98-7A2B3BF3B0CF}.Release|Any CPU.Build.0 = Release|Any CPU
		{AA13C732-A785-407C-8C98-7A2B3BF3B0CF}.Release|x64.ActiveCfg = Release|Any CPU
		{AA13C732-A785-407C-8C98-7A2B3BF3B0CF}.Release|x64.Build.0 = Release|Any CPU
		{AA13C732-A785-407C-8C98-7A2B3BF3B0CF}.Release|x86.ActiveCfg = Release|Any CPU
		{AA13C732-A785-407C-8C98-7A2B3BF3B0CF}.Release|x86.Build.0 = Release|Any CPU
		{811EDF8F-40C6-4137-A0FC-A89379DBFBCC}.Debug|Any CPU.ActiveCfg = Debug|Any CPU
		{811EDF8F-40C6-4137-A0FC-A89379DBFBCC}.Debug|Any CPU.Build.0 = Debug|Any CPU
		{811EDF8F-40C6-4137-A0FC-A89379DBFBCC}.Debug|x64.ActiveCfg = Debug|Any CPU
		{811EDF8F-40C6-4137-A0FC-A89379DBFBCC}.Debug|x64.Build.0 = Debug|Any CPU
		{811EDF8F-40C6-4137-A0FC-A89379DBFBCC}.Debug|x86.ActiveCfg = Debug|Any CPU
		{811EDF8F-40C6-4137-A0FC-A89379DBFBCC}.Debug|x86.Build.0 = Debug|Any CPU
		{811EDF8F-40C6-4137-A0FC-A89379DBFBCC}.Release|Any CPU.ActiveCfg = Release|Any CPU
		{811EDF8F-40C6-4137-A0FC-A89379DBFBCC}.Release|Any CPU.Build.0 = Release|Any CPU
		{811EDF8F-40C6-4137-A0FC-A89379DBFBCC}.Release|x64.ActiveCfg = Release|Any CPU
		{811EDF8F-40C6-4137-A0FC-A89379DBFBCC}.Release|x64.Build.0 = Release|Any CPU
		{811EDF8F-40C6-4137-A0FC-A89379DBFBCC}.Release|x86.ActiveCfg = Release|Any CPU
		{811EDF8F-40C6-4137-A0FC-A89379DBFBCC}.Release|x86.Build.0 = Release|Any CPU
		{70690CEC-AB15-449A-82C9-730D2D4A356C}.Debug|Any CPU.ActiveCfg = Debug|Any CPU
		{70690CEC-AB15-449A-82C9-730D2D4A356C}.Debug|Any CPU.Build.0 = Debug|Any CPU
		{70690CEC-AB15-449A-82C9-730D2D4A356C}.Debug|x64.ActiveCfg = Debug|Any CPU
		{70690CEC-AB15-449A-82C9-730D2D4A356C}.Debug|x64.Build.0 = Debug|Any CPU
		{70690CEC-AB15-449A-82C9-730D2D4A356C}.Debug|x86.ActiveCfg = Debug|Any CPU
		{70690CEC-AB15-449A-82C9-730D2D4A356C}.Debug|x86.Build.0 = Debug|Any CPU
		{70690CEC-AB15-449A-82C9-730D2D4A356C}.Release|Any CPU.ActiveCfg = Release|Any CPU
		{70690CEC-AB15-449A-82C9-730D2D4A356C}.Release|Any CPU.Build.0 = Release|Any CPU
		{70690CEC-AB15-449A-82C9-730D2D4A356C}.Release|x64.ActiveCfg = Release|Any CPU
		{70690CEC-AB15-449A-82C9-730D2D4A356C}.Release|x64.Build.0 = Release|Any CPU
		{70690CEC-AB15-449A-82C9-730D2D4A356C}.Release|x86.ActiveCfg = Release|Any CPU
		{70690CEC-AB15-449A-82C9-730D2D4A356C}.Release|x86.Build.0 = Release|Any CPU
		{0228A42F-ED16-41DC-8323-5E32EAD1C4BF}.Debug|Any CPU.ActiveCfg = Debug|Any CPU
		{0228A42F-ED16-41DC-8323-5E32EAD1C4BF}.Debug|Any CPU.Build.0 = Debug|Any CPU
		{0228A42F-ED16-41DC-8323-5E32EAD1C4BF}.Debug|x64.ActiveCfg = Debug|Any CPU
		{0228A42F-ED16-41DC-8323-5E32EAD1C4BF}.Debug|x64.Build.0 = Debug|Any CPU
		{0228A42F-ED16-41DC-8323-5E32EAD1C4BF}.Debug|x86.ActiveCfg = Debug|Any CPU
		{0228A42F-ED16-41DC-8323-5E32EAD1C4BF}.Debug|x86.Build.0 = Debug|Any CPU
		{0228A42F-ED16-41DC-8323-5E32EAD1C4BF}.Release|Any CPU.ActiveCfg = Release|Any CPU
		{0228A42F-ED16-41DC-8323-5E32EAD1C4BF}.Release|Any CPU.Build.0 = Release|Any CPU
		{0228A42F-ED16-41DC-8323-5E32EAD1C4BF}.Release|x64.ActiveCfg = Release|Any CPU
		{0228A42F-ED16-41DC-8323-5E32EAD1C4BF}.Release|x64.Build.0 = Release|Any CPU
		{0228A42F-ED16-41DC-8323-5E32EAD1C4BF}.Release|x86.ActiveCfg = Release|Any CPU
		{0228A42F-ED16-41DC-8323-5E32EAD1C4BF}.Release|x86.Build.0 = Release|Any CPU
		{2B67EF7C-349B-44FF-ACE9-63AF45FAC266}.Debug|Any CPU.ActiveCfg = Debug|Any CPU
		{2B67EF7C-349B-44FF-ACE9-63AF45FAC266}.Debug|Any CPU.Build.0 = Debug|Any CPU
		{2B67EF7C-349B-44FF-ACE9-63AF45FAC266}.Debug|x64.ActiveCfg = Debug|Any CPU
		{2B67EF7C-349B-44FF-ACE9-63AF45FAC266}.Debug|x64.Build.0 = Debug|Any CPU
		{2B67EF7C-349B-44FF-ACE9-63AF45FAC266}.Debug|x86.ActiveCfg = Debug|Any CPU
		{2B67EF7C-349B-44FF-ACE9-63AF45FAC266}.Debug|x86.Build.0 = Debug|Any CPU
		{2B67EF7C-349B-44FF-ACE9-63AF45FAC266}.Release|Any CPU.ActiveCfg = Release|Any CPU
		{2B67EF7C-349B-44FF-ACE9-63AF45FAC266}.Release|Any CPU.Build.0 = Release|Any CPU
		{2B67EF7C-349B-44FF-ACE9-63AF45FAC266}.Release|x64.ActiveCfg = Release|Any CPU
		{2B67EF7C-349B-44FF-ACE9-63AF45FAC266}.Release|x64.Build.0 = Release|Any CPU
		{2B67EF7C-349B-44FF-ACE9-63AF45FAC266}.Release|x86.ActiveCfg = Release|Any CPU
		{2B67EF7C-349B-44FF-ACE9-63AF45FAC266}.Release|x86.Build.0 = Release|Any CPU
		{17A2969E-526B-4C0D-B34C-C0074D07699C}.Debug|Any CPU.ActiveCfg = Debug|Any CPU
		{17A2969E-526B-4C0D-B34C-C0074D07699C}.Debug|Any CPU.Build.0 = Debug|Any CPU
		{17A2969E-526B-4C0D-B34C-C0074D07699C}.Debug|x64.ActiveCfg = Debug|Any CPU
		{17A2969E-526B-4C0D-B34C-C0074D07699C}.Debug|x64.Build.0 = Debug|Any CPU
		{17A2969E-526B-4C0D-B34C-C0074D07699C}.Debug|x86.ActiveCfg = Debug|Any CPU
		{17A2969E-526B-4C0D-B34C-C0074D07699C}.Debug|x86.Build.0 = Debug|Any CPU
		{17A2969E-526B-4C0D-B34C-C0074D07699C}.Release|Any CPU.ActiveCfg = Release|Any CPU
		{17A2969E-526B-4C0D-B34C-C0074D07699C}.Release|Any CPU.Build.0 = Release|Any CPU
		{17A2969E-526B-4C0D-B34C-C0074D07699C}.Release|x64.ActiveCfg = Release|Any CPU
		{17A2969E-526B-4C0D-B34C-C0074D07699C}.Release|x64.Build.0 = Release|Any CPU
		{17A2969E-526B-4C0D-B34C-C0074D07699C}.Release|x86.ActiveCfg = Release|Any CPU
		{17A2969E-526B-4C0D-B34C-C0074D07699C}.Release|x86.Build.0 = Release|Any CPU
		{983D3C53-AA86-4B76-9975-764D3756B356}.Debug|Any CPU.ActiveCfg = Debug|Any CPU
		{983D3C53-AA86-4B76-9975-764D3756B356}.Debug|Any CPU.Build.0 = Debug|Any CPU
		{983D3C53-AA86-4B76-9975-764D3756B356}.Debug|x64.ActiveCfg = Debug|Any CPU
		{983D3C53-AA86-4B76-9975-764D3756B356}.Debug|x64.Build.0 = Debug|Any CPU
		{983D3C53-AA86-4B76-9975-764D3756B356}.Debug|x86.ActiveCfg = Debug|Any CPU
		{983D3C53-AA86-4B76-9975-764D3756B356}.Debug|x86.Build.0 = Debug|Any CPU
		{983D3C53-AA86-4B76-9975-764D3756B356}.Release|Any CPU.ActiveCfg = Release|Any CPU
		{983D3C53-AA86-4B76-9975-764D3756B356}.Release|Any CPU.Build.0 = Release|Any CPU
		{983D3C53-AA86-4B76-9975-764D3756B356}.Release|x64.ActiveCfg = Release|Any CPU
		{983D3C53-AA86-4B76-9975-764D3756B356}.Release|x64.Build.0 = Release|Any CPU
		{983D3C53-AA86-4B76-9975-764D3756B356}.Release|x86.ActiveCfg = Release|Any CPU
		{983D3C53-AA86-4B76-9975-764D3756B356}.Release|x86.Build.0 = Release|Any CPU
		{44200649-7460-41F4-A580-794A7D915293}.Debug|Any CPU.ActiveCfg = Debug|Any CPU
		{44200649-7460-41F4-A580-794A7D915293}.Debug|Any CPU.Build.0 = Debug|Any CPU
		{44200649-7460-41F4-A580-794A7D915293}.Debug|x64.ActiveCfg = Debug|Any CPU
		{44200649-7460-41F4-A580-794A7D915293}.Debug|x64.Build.0 = Debug|Any CPU
		{44200649-7460-41F4-A580-794A7D915293}.Debug|x86.ActiveCfg = Debug|Any CPU
		{44200649-7460-41F4-A580-794A7D915293}.Debug|x86.Build.0 = Debug|Any CPU
		{44200649-7460-41F4-A580-794A7D915293}.Release|Any CPU.ActiveCfg = Release|Any CPU
		{44200649-7460-41F4-A580-794A7D915293}.Release|Any CPU.Build.0 = Release|Any CPU
		{44200649-7460-41F4-A580-794A7D915293}.Release|x64.ActiveCfg = Release|Any CPU
		{44200649-7460-41F4-A580-794A7D915293}.Release|x64.Build.0 = Release|Any CPU
		{44200649-7460-41F4-A580-794A7D915293}.Release|x86.ActiveCfg = Release|Any CPU
		{44200649-7460-41F4-A580-794A7D915293}.Release|x86.Build.0 = Release|Any CPU
		{8B6350AB-0F82-452C-A7D7-99DA26AAFC1A}.Debug|Any CPU.ActiveCfg = Debug|Any CPU
		{8B6350AB-0F82-452C-A7D7-99DA26AAFC1A}.Debug|Any CPU.Build.0 = Debug|Any CPU
		{8B6350AB-0F82-452C-A7D7-99DA26AAFC1A}.Debug|x64.ActiveCfg = Debug|Any CPU
		{8B6350AB-0F82-452C-A7D7-99DA26AAFC1A}.Debug|x64.Build.0 = Debug|Any CPU
		{8B6350AB-0F82-452C-A7D7-99DA26AAFC1A}.Debug|x86.ActiveCfg = Debug|Any CPU
		{8B6350AB-0F82-452C-A7D7-99DA26AAFC1A}.Debug|x86.Build.0 = Debug|Any CPU
		{8B6350AB-0F82-452C-A7D7-99DA26AAFC1A}.Release|Any CPU.ActiveCfg = Release|Any CPU
		{8B6350AB-0F82-452C-A7D7-99DA26AAFC1A}.Release|Any CPU.Build.0 = Release|Any CPU
		{8B6350AB-0F82-452C-A7D7-99DA26AAFC1A}.Release|x64.ActiveCfg = Release|Any CPU
		{8B6350AB-0F82-452C-A7D7-99DA26AAFC1A}.Release|x64.Build.0 = Release|Any CPU
		{8B6350AB-0F82-452C-A7D7-99DA26AAFC1A}.Release|x86.ActiveCfg = Release|Any CPU
		{8B6350AB-0F82-452C-A7D7-99DA26AAFC1A}.Release|x86.Build.0 = Release|Any CPU
	EndGlobalSection
	GlobalSection(SolutionProperties) = preSolution
		HideSolutionNode = FALSE
	EndGlobalSection
	GlobalSection(NestedProjects) = preSolution
		{981C2CF6-E5BB-602A-511C-234B538302B0} = {827E0CD3-B72D-47B6-A68D-7590B98EB39B}
		{46E6AAFC-ADD9-42AD-926E-263C32DC48F8} = {981C2CF6-E5BB-602A-511C-234B538302B0}
		{C8E42992-5E42-0C2B-DBFE-AA848D06431C} = {827E0CD3-B72D-47B6-A68D-7590B98EB39B}
		{FFD8390A-CF6C-461C-9E01-C8692696EBA4} = {C8E42992-5E42-0C2B-DBFE-AA848D06431C}
		{EC447DCF-ABFA-6E24-52A5-D7FD48A5C558} = {827E0CD3-B72D-47B6-A68D-7590B98EB39B}
		{CD4DD5D4-02E6-F112-717D-EBEE9EB620E9} = {EC447DCF-ABFA-6E24-52A5-D7FD48A5C558}
		{60374927-A2EF-43CC-9032-54671CBD2226} = {CD4DD5D4-02E6-F112-717D-EBEE9EB620E9}
		{AA13C732-A785-407C-8C98-7A2B3BF3B0CF} = {CD4DD5D4-02E6-F112-717D-EBEE9EB620E9}
		{811EDF8F-40C6-4137-A0FC-A89379DBFBCC} = {CD4DD5D4-02E6-F112-717D-EBEE9EB620E9}
		{9A7A7B35-1930-94AB-6B80-4A89F89E5FE9} = {EC447DCF-ABFA-6E24-52A5-D7FD48A5C558}
		{70690CEC-AB15-449A-82C9-730D2D4A356C} = {9A7A7B35-1930-94AB-6B80-4A89F89E5FE9}
		{014A55EE-FDAA-7FC2-6C3E-35DDB2A03DDB} = {EC447DCF-ABFA-6E24-52A5-D7FD48A5C558}
		{0228A42F-ED16-41DC-8323-5E32EAD1C4BF} = {014A55EE-FDAA-7FC2-6C3E-35DDB2A03DDB}
		{A5CC4D75-6B64-0E2F-A8D1-8265ADF4E053} = {EC447DCF-ABFA-6E24-52A5-D7FD48A5C558}
		{2B67EF7C-349B-44FF-ACE9-63AF45FAC266} = {A5CC4D75-6B64-0E2F-A8D1-8265ADF4E053}
		{75CCF984-CC24-0CB6-2FE4-5CB2D9F94FE4} = {EC447DCF-ABFA-6E24-52A5-D7FD48A5C558}
		{17A2969E-526B-4C0D-B34C-C0074D07699C} = {75CCF984-CC24-0CB6-2FE4-5CB2D9F94FE4}
		{33303CF4-4B82-33A2-6B40-68D552E6C8B9} = {EC447DCF-ABFA-6E24-52A5-D7FD48A5C558}
		{983D3C53-AA86-4B76-9975-764D3756B356} = {33303CF4-4B82-33A2-6B40-68D552E6C8B9}
		{AFB430EB-E6E1-418F-6330-FF32B45D054F} = {EC447DCF-ABFA-6E24-52A5-D7FD48A5C558}
		{44200649-7460-41F4-A580-794A7D915293} = {AFB430EB-E6E1-418F-6330-FF32B45D054F}
		{8B6350AB-0F82-452C-A7D7-99DA26AAFC1A} = {0AB3BF05-4346-4AA6-1389-037BE0695223}
	EndGlobalSection
EndGlobal
